
Microsoft Visual Studio Solution File, Format Version 12.00
# Visual Studio Version 17
VisualStudioVersion = 17.10.35004.147
MinimumVisualStudioVersion = 10.0.40219.1
Project("{9A19103F-16F7-4668-BE54-9A1E7A4F7556}") = "Program", "Program.csproj", "{25B623F9-98E5-4965-80B1-3BED2E4C9290}"
EndProject
Project("{9A19103F-16F7-4668-BE54-9A1E7A4F7556}") = "GE_240711 브루트 포스", "..\GE_240711\GE_240711 브루트 포스.csproj", "{80220B06-BD9F-411F-B6E4-7D5E78E6D6BD}"
EndProject
Project("{9A19103F-16F7-4668-BE54-9A1E7A4F7556}") = "GE_240711 합성수 찾기", "..\GE_240712\GE_240711 합성수 찾기.csproj", "{7D3B535E-D142-44F9-AA5A-E493080149C8}"
EndProject
Project("{9A19103F-16F7-4668-BE54-9A1E7A4F7556}") = "GE_240712 체 (미완)", "..\GE_240712 체\GE_240712 체 (미완).csproj", "{FCC62D0F-E787-4034-972F-EF857FB14D63}"
EndProject
Project("{9A19103F-16F7-4668-BE54-9A1E7A4F7556}") = "GE_240712 거품정렬", "..\GE_240712 재정렬\GE_240712 거품정렬.csproj", "{5E7E387C-A6C0-4883-9B7A-8412E798B41F}"
EndProject
Project("{9A19103F-16F7-4668-BE54-9A1E7A4F7556}") = "GE_240712 선택정렬", "..\GE_240712 선택정렬\GE_240712 선택정렬.csproj", "{47C1AC8F-52E0-44BF-A7FD-7B041301C0C8}"
EndProject
Project("{9A19103F-16F7-4668-BE54-9A1E7A4F7556}") = "GE_240715 삽입정렬", "..\GE_240715 삽입정렬\GE_240715 삽입정렬.csproj", "{1046F372-A56D-4FFC-B7BB-1B19197FF476}"
EndProject
Project("{9A19103F-16F7-4668-BE54-9A1E7A4F7556}") = "GE_240715 쉘 정렬", "..\GE_240715 쉘 정렬\GE_240715 쉘 정렬.csproj", "{A8C30255-A9F6-4667-8CC5-5ABB3CF8B855}"
EndProject
Project("{9A19103F-16F7-4668-BE54-9A1E7A4F7556}") = "GE_240715 계수정렬", "..\GE_240715 계수정렬\GE_240715 계수정렬.csproj", "{9705AE43-3138-4803-8214-5372A10DB65E}"
EndProject
Project("{9A19103F-16F7-4668-BE54-9A1E7A4F7556}") = "GE_240716 투포인터", "..\GE_240716 투포인터\GE_240716 투포인터.csproj", "{E4797973-C0BC-49A0-BBC1-F36403906468}"
EndProject
Project("{9A19103F-16F7-4668-BE54-9A1E7A4F7556}") = "GE_240716 이진탐색", "..\GET_240716 이진탐색\GE_240716 이진탐색.csproj", "{E14F9224-D220-439E-9B45-B9D4A56F7B5F}"
EndProject
Project("{9A19103F-16F7-4668-BE54-9A1E7A4F7556}") = "GE_240717 분할정복", "..\GE_240717 분할정복\GE_240717 분할정복.csproj", "{7E35423E-4B56-4481-AF94-475C4183475B}"
EndProject
Project("{9A19103F-16F7-4668-BE54-9A1E7A4F7556}") = "GE_240717 퀵 정렬", "..\GE_240717 퀵 정렬\GE_240717 퀵 정렬.csproj", "{3D0004C7-FF49-45E2-826C-E77EDDCEA663}"
EndProject
Project("{FAE04EC0-301F-11D3-BF4B-00C04F79EFBC}") = "GE_240718 병합 정렬 (미완)", "..\GE_240718 병합 정렬\GE_240718 병합 정렬 (미완).csproj", "{A269BED8-74AF-4807-AFC6-273B21F44DB4}"
EndProject
Project("{FAE04EC0-301F-11D3-BF4B-00C04F79EFBC}") = "GE_240719 동적 계획법", "..\GE_240719 동적 계획법\GE_240719 동적 계획법.csproj", "{106F02A9-38EF-4815-9066-584326FDED93}"
EndProject
Global
	GlobalSection(SolutionConfigurationPlatforms) = preSolution
		Debug|Any CPU = Debug|Any CPU
		Release|Any CPU = Release|Any CPU
	EndGlobalSection
	GlobalSection(ProjectConfigurationPlatforms) = postSolution
		{25B623F9-98E5-4965-80B1-3BED2E4C9290}.Debug|Any CPU.ActiveCfg = Debug|Any CPU
		{25B623F9-98E5-4965-80B1-3BED2E4C9290}.Debug|Any CPU.Build.0 = Debug|Any CPU
		{25B623F9-98E5-4965-80B1-3BED2E4C9290}.Release|Any CPU.ActiveCfg = Release|Any CPU
		{25B623F9-98E5-4965-80B1-3BED2E4C9290}.Release|Any CPU.Build.0 = Release|Any CPU
		{80220B06-BD9F-411F-B6E4-7D5E78E6D6BD}.Debug|Any CPU.ActiveCfg = Debug|Any CPU
		{80220B06-BD9F-411F-B6E4-7D5E78E6D6BD}.Debug|Any CPU.Build.0 = Debug|Any CPU
		{80220B06-BD9F-411F-B6E4-7D5E78E6D6BD}.Release|Any CPU.ActiveCfg = Release|Any CPU
		{80220B06-BD9F-411F-B6E4-7D5E78E6D6BD}.Release|Any CPU.Build.0 = Release|Any CPU
		{7D3B535E-D142-44F9-AA5A-E493080149C8}.Debug|Any CPU.ActiveCfg = Debug|Any CPU
		{7D3B535E-D142-44F9-AA5A-E493080149C8}.Debug|Any CPU.Build.0 = Debug|Any CPU
		{7D3B535E-D142-44F9-AA5A-E493080149C8}.Release|Any CPU.ActiveCfg = Release|Any CPU
		{7D3B535E-D142-44F9-AA5A-E493080149C8}.Release|Any CPU.Build.0 = Release|Any CPU
		{FCC62D0F-E787-4034-972F-EF857FB14D63}.Debug|Any CPU.ActiveCfg = Debug|Any CPU
		{FCC62D0F-E787-4034-972F-EF857FB14D63}.Debug|Any CPU.Build.0 = Debug|Any CPU
		{FCC62D0F-E787-4034-972F-EF857FB14D63}.Release|Any CPU.ActiveCfg = Release|Any CPU
		{FCC62D0F-E787-4034-972F-EF857FB14D63}.Release|Any CPU.Build.0 = Release|Any CPU
		{5E7E387C-A6C0-4883-9B7A-8412E798B41F}.Debug|Any CPU.ActiveCfg = Debug|Any CPU
		{5E7E387C-A6C0-4883-9B7A-8412E798B41F}.Debug|Any CPU.Build.0 = Debug|Any CPU
		{5E7E387C-A6C0-4883-9B7A-8412E798B41F}.Release|Any CPU.ActiveCfg = Release|Any CPU
		{5E7E387C-A6C0-4883-9B7A-8412E798B41F}.Release|Any CPU.Build.0 = Release|Any CPU
		{47C1AC8F-52E0-44BF-A7FD-7B041301C0C8}.Debug|Any CPU.ActiveCfg = Debug|Any CPU
		{47C1AC8F-52E0-44BF-A7FD-7B041301C0C8}.Debug|Any CPU.Build.0 = Debug|Any CPU
		{47C1AC8F-52E0-44BF-A7FD-7B041301C0C8}.Release|Any CPU.ActiveCfg = Release|Any CPU
		{47C1AC8F-52E0-44BF-A7FD-7B041301C0C8}.Release|Any CPU.Build.0 = Release|Any CPU
		{1046F372-A56D-4FFC-B7BB-1B19197FF476}.Debug|Any CPU.ActiveCfg = Debug|Any CPU
		{1046F372-A56D-4FFC-B7BB-1B19197FF476}.Debug|Any CPU.Build.0 = Debug|Any CPU
		{1046F372-A56D-4FFC-B7BB-1B19197FF476}.Release|Any CPU.ActiveCfg = Release|Any CPU
		{1046F372-A56D-4FFC-B7BB-1B19197FF476}.Release|Any CPU.Build.0 = Release|Any CPU
		{A8C30255-A9F6-4667-8CC5-5ABB3CF8B855}.Debug|Any CPU.ActiveCfg = Debug|Any CPU
		{A8C30255-A9F6-4667-8CC5-5ABB3CF8B855}.Debug|Any CPU.Build.0 = Debug|Any CPU
		{A8C30255-A9F6-4667-8CC5-5ABB3CF8B855}.Release|Any CPU.ActiveCfg = Release|Any CPU
		{A8C30255-A9F6-4667-8CC5-5ABB3CF8B855}.Release|Any CPU.Build.0 = Release|Any CPU
		{9705AE43-3138-4803-8214-5372A10DB65E}.Debug|Any CPU.ActiveCfg = Debug|Any CPU
		{9705AE43-3138-4803-8214-5372A10DB65E}.Debug|Any CPU.Build.0 = Debug|Any CPU
		{9705AE43-3138-4803-8214-5372A10DB65E}.Release|Any CPU.ActiveCfg = Release|Any CPU
		{9705AE43-3138-4803-8214-5372A10DB65E}.Release|Any CPU.Build.0 = Release|Any CPU
		{E4797973-C0BC-49A0-BBC1-F36403906468}.Debug|Any CPU.ActiveCfg = Debug|Any CPU
		{E4797973-C0BC-49A0-BBC1-F36403906468}.Debug|Any CPU.Build.0 = Debug|Any CPU
		{E4797973-C0BC-49A0-BBC1-F36403906468}.Release|Any CPU.ActiveCfg = Release|Any CPU
		{E4797973-C0BC-49A0-BBC1-F36403906468}.Release|Any CPU.Build.0 = Release|Any CPU
		{E14F9224-D220-439E-9B45-B9D4A56F7B5F}.Debug|Any CPU.ActiveCfg = Debug|Any CPU
		{E14F9224-D220-439E-9B45-B9D4A56F7B5F}.Debug|Any CPU.Build.0 = Debug|Any CPU
		{E14F9224-D220-439E-9B45-B9D4A56F7B5F}.Release|Any CPU.ActiveCfg = Release|Any CPU
		{E14F9224-D220-439E-9B45-B9D4A56F7B5F}.Release|Any CPU.Build.0 = Release|Any CPU
		{7E35423E-4B56-4481-AF94-475C4183475B}.Debug|Any CPU.ActiveCfg = Debug|Any CPU
		{7E35423E-4B56-4481-AF94-475C4183475B}.Debug|Any CPU.Build.0 = Debug|Any CPU
		{7E35423E-4B56-4481-AF94-475C4183475B}.Release|Any CPU.ActiveCfg = Release|Any CPU
		{7E35423E-4B56-4481-AF94-475C4183475B}.Release|Any CPU.Build.0 = Release|Any CPU
		{3D0004C7-FF49-45E2-826C-E77EDDCEA663}.Debug|Any CPU.ActiveCfg = Debug|Any CPU
		{3D0004C7-FF49-45E2-826C-E77EDDCEA663}.Debug|Any CPU.Build.0 = Debug|Any CPU
		{3D0004C7-FF49-45E2-826C-E77EDDCEA663}.Release|Any CPU.ActiveCfg = Release|Any CPU
		{3D0004C7-FF49-45E2-826C-E77EDDCEA663}.Release|Any CPU.Build.0 = Release|Any CPU
		{A269BED8-74AF-4807-AFC6-273B21F44DB4}.Debug|Any CPU.ActiveCfg = Debug|Any CPU
		{A269BED8-74AF-4807-AFC6-273B21F44DB4}.Debug|Any CPU.Build.0 = Debug|Any CPU
		{A269BED8-74AF-4807-AFC6-273B21F44DB4}.Release|Any CPU.ActiveCfg = Release|Any CPU
		{A269BED8-74AF-4807-AFC6-273B21F44DB4}.Release|Any CPU.Build.0 = Release|Any CPU
		{106F02A9-38EF-4815-9066-584326FDED93}.Debug|Any CPU.ActiveCfg = Debug|Any CPU
		{106F02A9-38EF-4815-9066-584326FDED93}.Debug|Any CPU.Build.0 = Debug|Any CPU
		{106F02A9-38EF-4815-9066-584326FDED93}.Release|Any CPU.ActiveCfg = Release|Any CPU
		{106F02A9-38EF-4815-9066-584326FDED93}.Release|Any CPU.Build.0 = Release|Any CPU
	EndGlobalSection
	GlobalSection(SolutionProperties) = preSolution
		HideSolutionNode = FALSE
	EndGlobalSection
	GlobalSection(ExtensibilityGlobals) = postSolution
		SolutionGuid = {EEAA2D14-A857-4211-A771-E97E9E7D6C07}
	EndGlobalSection
EndGlobal
